{
  "name": "miniprogram_demo",
  "version": "1.0.0",
  "lockfileVersion": 1,
  "requires": true,
  "dependencies": {
    "@peiyou/advancement-system-mp": {
      "version": "1.0.0",
      "resolved": "http://npm.100tal.com/@peiyou/advancement-system-mp/-/advancement-system-mp-1.0.0.tgz",
      "integrity": "sha512-EqP6ZYUM4g9HrSvzykcKTF/OOzxVvvFCfQEzkYnunxexduB7UfmaYtj2GkO9w1/hC/GDalNKzv0rt6NoJYXHyQ=="
    },
    "miniprogram-navigation-bar": {
      "version": "0.0.4",
      "resolved": "https://registry.npmjs.org/miniprogram-navigation-bar/-/miniprogram-navigation-bar-0.0.4.tgz",
      "integrity": "sha512-ckeiOB2jdzrs3tEKk4eSbwaRJWjt+6ajnh4AosXgvezudMewB+ns7JxXeFqzMgEl8l6XglK5fKcB9SoSG+Disw=="
    }
  }
}
